
Microsoft Visual Studio Solution File, Format Version 12.00
# Visual Studio 15
Project("{FAE04EC0-301F-11D3-BF4B-00C04F79EFBC}") = "Assembly-CSharp", "Assembly-CSharp.csproj", "{2A51BA71-84E2-DF93-489B-8CB449451BE3}"
EndProject
Project("{FAE04EC0-301F-11D3-BF4B-00C04F79EFBC}") = "Assembly-CSharp-Editor", "Assembly-CSharp-Editor.csproj", "{3C09BEE8-B90C-75D0-B1E3-21C410433932}"
EndProject
Global
	GlobalSection(SolutionConfigurationPlatforms) = preSolution
		Debug|Any CPU = Debug|Any CPU
		Release|Any CPU = Release|Any CPU
	EndGlobalSection
	GlobalSection(ProjectConfigurationPlatforms) = postSolution
		{2A51BA71-84E2-DF93-489B-8CB449451BE3}.Debug|Any CPU.ActiveCfg = Debug|Any CPU
		{2A51BA71-84E2-DF93-489B-8CB449451BE3}.Debug|Any CPU.Build.0 = Debug|Any CPU
		{2A51BA71-84E2-DF93-489B-8CB449451BE3}.Release|Any CPU.ActiveCfg = Release|Any CPU
		{2A51BA71-84E2-DF93-489B-8CB449451BE3}.Release|Any CPU.Build.0 = Release|Any CPU
		{3C09BEE8-B90C-75D0-B1E3-21C410433932}.Debug|Any CPU.ActiveCfg = Debug|Any CPU
		{3C09BEE8-B90C-75D0-B1E3-21C410433932}.Debug|Any CPU.Build.0 = Debug|Any CPU
		{3C09BEE8-B90C-75D0-B1E3-21C410433932}.Release|Any CPU.ActiveCfg = Release|Any CPU
		{3C09BEE8-B90C-75D0-B1E3-21C410433932}.Release|Any CPU.Build.0 = Release|Any CPU
	EndGlobalSection
	GlobalSection(SolutionProperties) = preSolution
		HideSolutionNode = FALSE
	EndGlobalSection
EndGlobal
